// !$*UTF8*$!
{
	archiveVersion = 1;
	classes = {
	};
	objectVersion = 56;
	objects = {

/* Begin PBXBuildFile section */
		46BC3F6A2C4CC73A00A21920 /* AppDelegate.swift in Sources */ = {isa = PBXBuildFile; fileRef = 46BC3F692C4CC73A00A21920 /* AppDelegate.swift */; };
		46BC3F712C4CC73A00A21920 /* Main.storyboard in Resources */ = {isa = PBXBuildFile; fileRef = 46BC3F6F2C4CC73A00A21920 /* Main.storyboard */; };
		46BC3F732C4CC73C00A21920 /* Assets.xcassets in Resources */ = {isa = PBXBuildFile; fileRef = 46BC3F722C4CC73C00A21920 /* Assets.xcassets */; };
		46BC3F762C4CC73C00A21920 /* LaunchScreen.storyboard in Resources */ = {isa = PBXBuildFile; fileRef = 46BC3F742C4CC73C00A21920 /* LaunchScreen.storyboard */; };
		46BC3F842C4CC9F700A21920 /* LoginVC.swift in Sources */ = {isa = PBXBuildFile; fileRef = 46BC3F832C4CC9F700A21920 /* LoginVC.swift */; };
		46BC3F892C4CD12D00A21920 /* Toast.swift in Sources */ = {isa = PBXBuildFile; fileRef = 46BC3F862C4CD12D00A21920 /* Toast.swift */; };
		46BC3F8A2C4CD12D00A21920 /* Utility.swift in Sources */ = {isa = PBXBuildFile; fileRef = 46BC3F872C4CD12D00A21920 /* Utility.swift */; };
		46BC3F8B2C4CD12D00A21920 /* Validation_Model.swift in Sources */ = {isa = PBXBuildFile; fileRef = 46BC3F882C4CD12D00A21920 /* Validation_Model.swift */; };
		46BC3F8D2C4CD18A00A21920 /* Constants.swift in Sources */ = {isa = PBXBuildFile; fileRef = 46BC3F8C2C4CD18A00A21920 /* Constants.swift */; };
		46BC3F8F2C4CE1F700A21920 /* SignUpVC.swift in Sources */ = {isa = PBXBuildFile; fileRef = 46BC3F8E2C4CE1F700A21920 /* SignUpVC.swift */; };
		46BC3F912C4CE3CC00A21920 /* Extensions.swift in Sources */ = {isa = PBXBuildFile; fileRef = 46BC3F902C4CE3CC00A21920 /* Extensions.swift */; };
		46BC3F982C4CF66600A21920 /* HomeVC.swift in Sources */ = {isa = PBXBuildFile; fileRef = 46BC3F972C4CF66600A21920 /* HomeVC.swift */; };
		46BC3F9A2C4D08DA00A21920 /* GoogleService-Info.plist in Resources */ = {isa = PBXBuildFile; fileRef = 46BC3F992C4D08DA00A21920 /* GoogleService-Info.plist */; };
		BBA5EC84D9C63D7794E285A9 /* Pods_LoginPro.framework in Frameworks */ = {isa = PBXBuildFile; fileRef = 7DBB044D5A3DD46C05A45FB1 /* Pods_LoginPro.framework */; };
/* End PBXBuildFile section */

/* Begin PBXFileReference section */
		46BC3F662C4CC73A00A21920 /* LoginPro.app */ = {isa = PBXFileReference; explicitFileType = wrapper.application; includeInIndex = 0; path = LoginPro.app; sourceTree = BUILT_PRODUCTS_DIR; };
		46BC3F692C4CC73A00A21920 /* AppDelegate.swift */ = {isa = PBXFileReference; lastKnownFileType = sourcecode.swift; path = AppDelegate.swift; sourceTree = "<group>"; };
		46BC3F702C4CC73A00A21920 /* Base */ = {isa = PBXFileReference; lastKnownFileType = file.storyboard; name = Base; path = Base.lproj/Main.storyboard; sourceTree = "<group>"; };
		46BC3F722C4CC73C00A21920 /* Assets.xcassets */ = {isa = PBXFileReference; lastKnownFileType = folder.assetcatalog; path = Assets.xcassets; sourceTree = "<group>"; };
		46BC3F752C4CC73C00A21920 /* Base */ = {isa = PBXFileReference; lastKnownFileType = file.storyboard; name = Base; path = Base.lproj/LaunchScreen.storyboard; sourceTree = "<group>"; };
		46BC3F772C4CC73C00A21920 /* Info.plist */ = {isa = PBXFileReference; lastKnownFileType = text.plist.xml; path = Info.plist; sourceTree = "<group>"; };
		46BC3F832C4CC9F700A21920 /* LoginVC.swift */ = {isa = PBXFileReference; lastKnownFileType = sourcecode.swift; path = LoginVC.swift; sourceTree = "<group>"; };
		46BC3F862C4CD12D00A21920 /* Toast.swift */ = {isa = PBXFileReference; fileEncoding = 4; lastKnownFileType = sourcecode.swift; path = Toast.swift; sourceTree = "<group>"; };
		46BC3F872C4CD12D00A21920 /* Utility.swift */ = {isa = PBXFileReference; fileEncoding = 4; lastKnownFileType = sourcecode.swift; path = Utility.swift; sourceTree = "<group>"; };
		46BC3F882C4CD12D00A21920 /* Validation_Model.swift */ = {isa = PBXFileReference; fileEncoding = 4; lastKnownFileType = sourcecode.swift; path = Validation_Model.swift; sourceTree = "<group>"; };
		46BC3F8C2C4CD18A00A21920 /* Constants.swift */ = {isa = PBXFileReference; lastKnownFileType = sourcecode.swift; path = Constants.swift; sourceTree = "<group>"; };
		46BC3F8E2C4CE1F700A21920 /* SignUpVC.swift */ = {isa = PBXFileReference; lastKnownFileType = sourcecode.swift; path = SignUpVC.swift; sourceTree = "<group>"; };
		46BC3F902C4CE3CC00A21920 /* Extensions.swift */ = {isa = PBXFileReference; fileEncoding = 4; lastKnownFileType = sourcecode.swift; path = Extensions.swift; sourceTree = "<group>"; };
		46BC3F972C4CF66600A21920 /* HomeVC.swift */ = {isa = PBXFileReference; lastKnownFileType = sourcecode.swift; path = HomeVC.swift; sourceTree = "<group>"; };
		46BC3F992C4D08DA00A21920 /* GoogleService-Info.plist */ = {isa = PBXFileReference; fileEncoding = 4; lastKnownFileType = text.plist.xml; path = "GoogleService-Info.plist"; sourceTree = "<group>"; };
		7DBB044D5A3DD46C05A45FB1 /* Pods_LoginPro.framework */ = {isa = PBXFileReference; explicitFileType = wrapper.framework; includeInIndex = 0; path = Pods_LoginPro.framework; sourceTree = BUILT_PRODUCTS_DIR; };
		C94288698A20B8DE71D72684 /* Pods-LoginPro.debug.xcconfig */ = {isa = PBXFileReference; includeInIndex = 1; lastKnownFileType = text.xcconfig; name = "Pods-LoginPro.debug.xcconfig"; path = "Target Support Files/Pods-LoginPro/Pods-LoginPro.debug.xcconfig"; sourceTree = "<group>"; };
		D0436A983C859F42D73C21A7 /* Pods-LoginPro.release.xcconfig */ = {isa = PBXFileReference; includeInIndex = 1; lastKnownFileType = text.xcconfig; name = "Pods-LoginPro.release.xcconfig"; path = "Target Support Files/Pods-LoginPro/Pods-LoginPro.release.xcconfig"; sourceTree = "<group>"; };
/* End PBXFileReference section */

/* Begin PBXFrameworksBuildPhase section */
		46BC3F632C4CC73A00A21920 /* Frameworks */ = {
			isa = PBXFrameworksBuildPhase;
			buildActionMask = 2147483647;
			files = (
				BBA5EC84D9C63D7794E285A9 /* Pods_LoginPro.framework in Frameworks */,
			);
			runOnlyForDeploymentPostprocessing = 0;
		};
/* End PBXFrameworksBuildPhase section */

/* Begin PBXGroup section */
		46BC3F5D2C4CC73A00A21920 = {
			isa = PBXGroup;
			children = (
				46BC3F682C4CC73A00A21920 /* LoginPro */,
				46BC3F672C4CC73A00A21920 /* Products */,
				52A049EFDD7ED36409EBBEAB /* Pods */,
				5F684E8CA05E3B0732F1A446 /* Frameworks */,
			);
			sourceTree = "<group>";
		};
		46BC3F672C4CC73A00A21920 /* Products */ = {
			isa = PBXGroup;
			children = (
				46BC3F662C4CC73A00A21920 /* LoginPro.app */,
			);
			name = Products;
			sourceTree = "<group>";
		};
		46BC3F682C4CC73A00A21920 /* LoginPro */ = {
			isa = PBXGroup;
			children = (
				46BC3F692C4CC73A00A21920 /* AppDelegate.swift */,
				46BC3F7F2C4CC99C00A21920 /* Storyboard */,
				46BC3F802C4CC9AA00A21920 /* Controllers */,
				46BC3F812C4CC9B500A21920 /* Models */,
				46BC3F852C4CD11600A21920 /* Helper */,
				46BC3F722C4CC73C00A21920 /* Assets.xcassets */,
				46BC3F772C4CC73C00A21920 /* Info.plist */,
				46BC3F992C4D08DA00A21920 /* GoogleService-Info.plist */,
			);
			path = LoginPro;
			sourceTree = "<group>";
		};
		46BC3F7F2C4CC99C00A21920 /* Storyboard */ = {
			isa = PBXGroup;
			children = (
				46BC3F6F2C4CC73A00A21920 /* Main.storyboard */,
				46BC3F742C4CC73C00A21920 /* LaunchScreen.storyboard */,
			);
			path = Storyboard;
			sourceTree = "<group>";
		};
		46BC3F802C4CC9AA00A21920 /* Controllers */ = {
			isa = PBXGroup;
			children = (
				46BC3F832C4CC9F700A21920 /* LoginVC.swift */,
				46BC3F8E2C4CE1F700A21920 /* SignUpVC.swift */,
				46BC3F972C4CF66600A21920 /* HomeVC.swift */,
			);
			path = Controllers;
			sourceTree = "<group>";
		};
		46BC3F812C4CC9B500A21920 /* Models */ = {
			isa = PBXGroup;
			children = (
			);
			path = Models;
			sourceTree = "<group>";
		};
		46BC3F852C4CD11600A21920 /* Helper */ = {
			isa = PBXGroup;
			children = (
				46BC3F862C4CD12D00A21920 /* Toast.swift */,
				46BC3F872C4CD12D00A21920 /* Utility.swift */,
				46BC3F882C4CD12D00A21920 /* Validation_Model.swift */,
				46BC3F902C4CE3CC00A21920 /* Extensions.swift */,
				46BC3F8C2C4CD18A00A21920 /* Constants.swift */,
			);
			path = Helper;
			sourceTree = "<group>";
		};
		52A049EFDD7ED36409EBBEAB /* Pods */ = {
			isa = PBXGroup;
			children = (
				C94288698A20B8DE71D72684 /* Pods-LoginPro.debug.xcconfig */,
				D0436A983C859F42D73C21A7 /* Pods-LoginPro.release.xcconfig */,
			);
			path = Pods;
			sourceTree = "<group>";
		};
		5F684E8CA05E3B0732F1A446 /* Frameworks */ = {
			isa = PBXGroup;
			children = (
				7DBB044D5A3DD46C05A45FB1 /* Pods_LoginPro.framework */,
			);
			name = Frameworks;
			sourceTree = "<group>";
		};
/* End PBXGroup section */

/* Begin PBXNativeTarget section */
		46BC3F652C4CC73A00A21920 /* LoginPro */ = {
			isa = PBXNativeTarget;
			buildConfigurationList = 46BC3F7A2C4CC73C00A21920 /* Build configuration list for PBXNativeTarget "LoginPro" */;
			buildPhases = (
				00A2EBE11CB24F968266F974 /* [CP] Check Pods Manifest.lock */,
				46BC3F622C4CC73A00A21920 /* Sources */,
				46BC3F632C4CC73A00A21920 /* Frameworks */,
				46BC3F642C4CC73A00A21920 /* Resources */,
				A823B7393D1715586B6215FE /* [CP] Embed Pods Frameworks */,
				46BC3F942C4CECE100A21920 /* ShellScript */,
			);
			buildRules = (
			);
			dependencies = (
			);
			name = LoginPro;
			productName = LoginPro;
			productReference = 46BC3F662C4CC73A00A21920 /* LoginPro.app */;
			productType = "com.apple.product-type.application";
		};
/* End PBXNativeTarget section */

/* Begin PBXProject section */
		46BC3F5E2C4CC73A00A21920 /* Project object */ = {
			isa = PBXProject;
			attributes = {
				BuildIndependentTargetsInParallel = 1;
				LastSwiftUpdateCheck = 1510;
				LastUpgradeCheck = 1510;
				TargetAttributes = {
					46BC3F652C4CC73A00A21920 = {
						CreatedOnToolsVersion = 15.1;
					};
				};
			};
			buildConfigurationList = 46BC3F612C4CC73A00A21920 /* Build configuration list for PBXProject "LoginPro" */;
			compatibilityVersion = "Xcode 14.0";
			developmentRegion = en;
			hasScannedForEncodings = 0;
			knownRegions = (
				en,
				Base,
			);
			mainGroup = 46BC3F5D2C4CC73A00A21920;
			productRefGroup = 46BC3F672C4CC73A00A21920 /* Products */;
			projectDirPath = "";
			projectRoot = "";
			targets = (
				46BC3F652C4CC73A00A21920 /* LoginPro */,
			);
		};
/* End PBXProject section */

/* Begin PBXResourcesBuildPhase section */
		46BC3F642C4CC73A00A21920 /* Resources */ = {
			isa = PBXResourcesBuildPhase;
			buildActionMask = 2147483647;
			files = (
				46BC3F762C4CC73C00A21920 /* LaunchScreen.storyboard in Resources */,
				46BC3F9A2C4D08DA00A21920 /* GoogleService-Info.plist in Resources */,
				46BC3F732C4CC73C00A21920 /* Assets.xcassets in Resources */,
				46BC3F712C4CC73A00A21920 /* Main.storyboard in Resources */,
			);
			runOnlyForDeploymentPostprocessing = 0;
		};
/* End PBXResourcesBuildPhase section */

/* Begin PBXShellScriptBuildPhase section */
		00A2EBE11CB24F968266F974 /* [CP] Check Pods Manifest.lock */ = {
			isa = PBXShellScriptBuildPhase;
			buildActionMask = 2147483647;
			files = (
			);
			inputFileListPaths = (
			);
			inputPaths = (
				"${PODS_PODFILE_DIR_PATH}/Podfile.lock",
				"${PODS_ROOT}/Manifest.lock",
			);
			name = "[CP] Check Pods Manifest.lock";
			outputFileListPaths = (
			);
			outputPaths = (
				"$(DERIVED_FILE_DIR)/Pods-LoginPro-checkManifestLockResult.txt",
			);
			runOnlyForDeploymentPostprocessing = 0;
			shellPath = /bin/sh;
			shellScript = "diff \"${PODS_PODFILE_DIR_PATH}/Podfile.lock\" \"${PODS_ROOT}/Manifest.lock\" > /dev/null\nif [ $? != 0 ] ; then\n    # print error to STDERR\n    echo \"error: The sandbox is not in sync with the Podfile.lock. Run 'pod install' or update your CocoaPods installation.\" >&2\n    exit 1\nfi\n# This output is used by Xcode 'outputs' to avoid re-running this script phase.\necho \"SUCCESS\" > \"${SCRIPT_OUTPUT_FILE_0}\"\n";
			showEnvVarsInLog = 0;
		};
		46BC3F942C4CECE100A21920 /* ShellScript */ = {
			isa = PBXShellScriptBuildPhase;
			buildActionMask = 2147483647;
			files = (
			);
			inputFileListPaths = (
			);
			inputPaths = (
				"${DWARF_DSYM_FOLDER_PATH}/${DWARF_DSYM_FILE_NAME}/Contents/Resources/DWARF/${TARGET_NAME}",
				"$(SRCROOT)/$(BUILT_PRODUCTS_DIR)/$(INFOPLIST_PATH)",
			);
			outputFileListPaths = (
			);
			outputPaths = (
			);
			runOnlyForDeploymentPostprocessing = 0;
			shellPath = /bin/sh;
			shellScript = "# Type a script or drag a script file from your workspace to insert its path.\n\"${PODS_ROOT}/FirebaseCrashlytics/run\"\n";
		};
		A823B7393D1715586B6215FE /* [CP] Embed Pods Frameworks */ = {
			isa = PBXShellScriptBuildPhase;
			buildActionMask = 2147483647;
			files = (
			);
			inputFileListPaths = (
				"${PODS_ROOT}/Target Support Files/Pods-LoginPro/Pods-LoginPro-frameworks-${CONFIGURATION}-input-files.xcfilelist",
			);
			name = "[CP] Embed Pods Frameworks";
			outputFileListPaths = (
				"${PODS_ROOT}/Target Support Files/Pods-LoginPro/Pods-LoginPro-frameworks-${CONFIGURATION}-output-files.xcfilelist",
			);
			runOnlyForDeploymentPostprocessing = 0;
			shellPath = /bin/sh;
			shellScript = "\"${PODS_ROOT}/Target Support Files/Pods-LoginPro/Pods-LoginPro-frameworks.sh\"\n";
			showEnvVarsInLog = 0;
		};
/* End PBXShellScriptBuildPhase section */

/* Begin PBXSourcesBuildPhase section */
		46BC3F622C4CC73A00A21920 /* Sources */ = {
			isa = PBXSourcesBuildPhase;
			buildActionMask = 2147483647;
			files = (
				46BC3F8F2C4CE1F700A21920 /* SignUpVC.swift in Sources */,
				46BC3F8B2C4CD12D00A21920 /* Validation_Model.swift in Sources */,
				46BC3F8A2C4CD12D00A21920 /* Utility.swift in Sources */,
				46BC3F982C4CF66600A21920 /* HomeVC.swift in Sources */,
				46BC3F912C4CE3CC00A21920 /* Extensions.swift in Sources */,
				46BC3F842C4CC9F700A21920 /* LoginVC.swift in Sources */,
				46BC3F892C4CD12D00A21920 /* Toast.swift in Sources */,
				46BC3F8D2C4CD18A00A21920 /* Constants.swift in Sources */,
				46BC3F6A2C4CC73A00A21920 /* AppDelegate.swift in Sources */,
			);
			runOnlyForDeploymentPostprocessing = 0;
		};
/* End PBXSourcesBuildPhase section */

/* Begin PBXVariantGroup section */
		46BC3F6F2C4CC73A00A21920 /* Main.storyboard */ = {
			isa = PBXVariantGroup;
			children = (
				46BC3F702C4CC73A00A21920 /* Base */,
			);
			name = Main.storyboard;
			sourceTree = "<group>";
		};
		46BC3F742C4CC73C00A21920 /* LaunchScreen.storyboard */ = {
			isa = PBXVariantGroup;
			children = (
				46BC3F752C4CC73C00A21920 /* Base */,
			);
			name = LaunchScreen.storyboard;
			sourceTree = "<group>";
		};
/* End PBXVariantGroup section */

/* Begin XCBuildConfiguration section */
		46BC3F782C4CC73C00A21920 /* Debug */ = {
			isa = XCBuildConfiguration;
			buildSettings = {
				ALWAYS_SEARCH_USER_PATHS = NO;
				ASSETCATALOG_COMPILER_GENERATE_SWIFT_ASSET_SYMBOL_EXTENSIONS = YES;
				CLANG_ANALYZER_NONNULL = YES;
				CLANG_ANALYZER_NUMBER_OBJECT_CONVERSION = YES_AGGRESSIVE;
				CLANG_CXX_LANGUAGE_STANDARD = "gnu++20";
				CLANG_ENABLE_MODULES = YES;
				CLANG_ENABLE_OBJC_ARC = YES;
				CLANG_ENABLE_OBJC_WEAK = YES;
				CLANG_WARN_BLOCK_CAPTURE_AUTORELEASING = YES;
				CLANG_WARN_BOOL_CONVERSION = YES;
				CLANG_WARN_COMMA = YES;
				CLANG_WARN_CONSTANT_CONVERSION = YES;
				CLANG_WARN_DEPRECATED_OBJC_IMPLEMENTATIONS = YES;
				CLANG_WARN_DIRECT_OBJC_ISA_USAGE = YES_ERROR;
				CLANG_WARN_DOCUMENTATION_COMMENTS = YES;
				CLANG_WARN_EMPTY_BODY = YES;
				CLANG_WARN_ENUM_CONVERSION = YES;
				CLANG_WARN_INFINITE_RECURSION = YES;
				CLANG_WARN_INT_CONVERSION = YES;
				CLANG_WARN_NON_LITERAL_NULL_CONVERSION = YES;
				CLANG_WARN_OBJC_IMPLICIT_RETAIN_SELF = YES;
				CLANG_WARN_OBJC_LITERAL_CONVERSION = YES;
				CLANG_WARN_OBJC_ROOT_CLASS = YES_ERROR;
				CLANG_WARN_QUOTED_INCLUDE_IN_FRAMEWORK_HEADER = YES;
				CLANG_WARN_RANGE_LOOP_ANALYSIS = YES;
				CLANG_WARN_STRICT_PROTOTYPES = YES;
				CLANG_WARN_SUSPICIOUS_MOVE = YES;
				CLANG_WARN_UNGUARDED_AVAILABILITY = YES_AGGRESSIVE;
				CLANG_WARN_UNREACHABLE_CODE = YES;
				CLANG_WARN__DUPLICATE_METHOD_MATCH = YES;
				COPY_PHASE_STRIP = NO;
				DEBUG_INFORMATION_FORMAT = dwarf;
				ENABLE_STRICT_OBJC_MSGSEND = YES;
				ENABLE_TESTABILITY = YES;
				ENABLE_USER_SCRIPT_SANDBOXING = YES;
				GCC_C_LANGUAGE_STANDARD = gnu17;
				GCC_DYNAMIC_NO_PIC = NO;
				GCC_NO_COMMON_BLOCKS = YES;
				GCC_OPTIMIZATION_LEVEL = 0;
				GCC_PREPROCESSOR_DEFINITIONS = (
					"DEBUG=1",
					"$(inherited)",
				);
				GCC_WARN_64_TO_32_BIT_CONVERSION = YES;
				GCC_WARN_ABOUT_RETURN_TYPE = YES_ERROR;
				GCC_WARN_UNDECLARED_SELECTOR = YES;
				GCC_WARN_UNINITIALIZED_AUTOS = YES_AGGRESSIVE;
				GCC_WARN_UNUSED_FUNCTION = YES;
				GCC_WARN_UNUSED_VARIABLE = YES;
				IPHONEOS_DEPLOYMENT_TARGET = 17.2;
				LOCALIZATION_PREFERS_STRING_CATALOGS = YES;
				MTL_ENABLE_DEBUG_INFO = INCLUDE_SOURCE;
				MTL_FAST_MATH = YES;
				ONLY_ACTIVE_ARCH = YES;
				SDKROOT = iphoneos;
				SWIFT_ACTIVE_COMPILATION_CONDITIONS = "DEBUG $(inherited)";
				SWIFT_OPTIMIZATION_LEVEL = "-Onone";
			};
			name = Debug;
		};
		46BC3F792C4CC73C00A21920 /* Release */ = {
			isa = XCBuildConfiguration;
			buildSettings = {
				ALWAYS_SEARCH_USER_PATHS = NO;
				ASSETCATALOG_COMPILER_GENERATE_SWIFT_ASSET_SYMBOL_EXTENSIONS = YES;
				CLANG_ANALYZER_NONNULL = YES;
				CLANG_ANALYZER_NUMBER_OBJECT_CONVERSION = YES_AGGRESSIVE;
				CLANG_CXX_LANGUAGE_STANDARD = "gnu++20";
				CLANG_ENABLE_MODULES = YES;
				CLANG_ENABLE_OBJC_ARC = YES;
				CLANG_ENABLE_OBJC_WEAK = YES;
				CLANG_WARN_BLOCK_CAPTURE_AUTORELEASING = YES;
				CLANG_WARN_BOOL_CONVERSION = YES;
				CLANG_WARN_COMMA = YES;
				CLANG_WARN_CONSTANT_CONVERSION = YES;
				CLANG_WARN_DEPRECATED_OBJC_IMPLEMENTATIONS = YES;
				CLANG_WARN_DIRECT_OBJC_ISA_USAGE = YES_ERROR;
				CLANG_WARN_DOCUMENTATION_COMMENTS = YES;
				CLANG_WARN_EMPTY_BODY = YES;
				CLANG_WARN_ENUM_CONVERSION = YES;
				CLANG_WARN_INFINITE_RECURSION = YES;
				CLANG_WARN_INT_CONVERSION = YES;
				CLANG_WARN_NON_LITERAL_NULL_CONVERSION = YES;
				CLANG_WARN_OBJC_IMPLICIT_RETAIN_SELF = YES;
				CLANG_WARN_OBJC_LITERAL_CONVERSION = YES;
				CLANG_WARN_OBJC_ROOT_CLASS = YES_ERROR;
				CLANG_WARN_QUOTED_INCLUDE_IN_FRAMEWORK_HEADER = YES;
				CLANG_WARN_RANGE_LOOP_ANALYSIS = YES;
				CLANG_WARN_STRICT_PROTOTYPES = YES;
				CLANG_WARN_SUSPICIOUS_MOVE = YES;
				CLANG_WARN_UNGUARDED_AVAILABILITY = YES_AGGRESSIVE;
				CLANG_WARN_UNREACHABLE_CODE = YES;
				CLANG_WARN__DUPLICATE_METHOD_MATCH = YES;
				COPY_PHASE_STRIP = NO;
				DEBUG_INFORMATION_FORMAT = "dwarf-with-dsym";
				ENABLE_NS_ASSERTIONS = NO;
				ENABLE_STRICT_OBJC_MSGSEND = YES;
				ENABLE_USER_SCRIPT_SANDBOXING = YES;
				GCC_C_LANGUAGE_STANDARD = gnu17;
				GCC_NO_COMMON_BLOCKS = YES;
				GCC_WARN_64_TO_32_BIT_CONVERSION = YES;
				GCC_WARN_ABOUT_RETURN_TYPE = YES_ERROR;
				GCC_WARN_UNDECLARED_SELECTOR = YES;
				GCC_WARN_UNINITIALIZED_AUTOS = YES_AGGRESSIVE;
				GCC_WARN_UNUSED_FUNCTION = YES;
				GCC_WARN_UNUSED_VARIABLE = YES;
				IPHONEOS_DEPLOYMENT_TARGET = 17.2;
				LOCALIZATION_PREFERS_STRING_CATALOGS = YES;
				MTL_ENABLE_DEBUG_INFO = NO;
				MTL_FAST_MATH = YES;
				SDKROOT = iphoneos;
				SWIFT_COMPILATION_MODE = wholemodule;
				VALIDATE_PRODUCT = YES;
			};
			name = Release;
		};
		46BC3F7B2C4CC73C00A21920 /* Debug */ = {
			isa = XCBuildConfiguration;
			baseConfigurationReference = C94288698A20B8DE71D72684 /* Pods-LoginPro.debug.xcconfig */;
			buildSettings = {
				ASSETCATALOG_COMPILER_APPICON_NAME = AppIcon;
				ASSETCATALOG_COMPILER_GLOBAL_ACCENT_COLOR_NAME = AccentColor;
				CODE_SIGN_STYLE = Automatic;
				CURRENT_PROJECT_VERSION = 1;
				DEBUG_INFORMATION_FORMAT = "dwarf-with-dsym";
				DEVELOPMENT_TEAM = M9WYKNZLTB;
				ENABLE_USER_SCRIPT_SANDBOXING = NO;
				GENERATE_INFOPLIST_FILE = YES;
				INFOPLIST_FILE = LoginPro/Info.plist;
				INFOPLIST_KEY_UIApplicationSupportsIndirectInputEvents = YES;
				INFOPLIST_KEY_UILaunchStoryboardName = LaunchScreen;
				INFOPLIST_KEY_UIMainStoryboardFile = Main;
				INFOPLIST_KEY_UISupportedInterfaceOrientations_iPad = "UIInterfaceOrientationPortrait UIInterfaceOrientationPortraitUpsideDown UIInterfaceOrientationLandscapeLeft UIInterfaceOrientationLandscapeRight";
				INFOPLIST_KEY_UISupportedInterfaceOrientations_iPhone = "UIInterfaceOrientationPortrait UIInterfaceOrientationLandscapeLeft UIInterfaceOrientationLandscapeRight";
				LD_RUNPATH_SEARCH_PATHS = (
					"$(inherited)",
					"@executable_path/Frameworks",
				);
				MARKETING_VERSION = 1.0;
				PRODUCT_BUNDLE_IDENTIFIER = com.LoginPro;
				PRODUCT_NAME = "$(TARGET_NAME)";
				SWIFT_EMIT_LOC_STRINGS = YES;
				SWIFT_VERSION = 5.0;
				TARGETED_DEVICE_FAMILY = "1,2";
			};
			name = Debug;
		};
		46BC3F7C2C4CC73C00A21920 /* Release */ = {
			isa = XCBuildConfiguration;
			baseConfigurationReference = D0436A983C859F42D73C21A7 /* Pods-LoginPro.release.xcconfig */;
			buildSettings = {
				ASSETCATALOG_COMPILER_APPICON_NAME = AppIcon;
				ASSETCATALOG_COMPILER_GLOBAL_ACCENT_COLOR_NAME = AccentColor;
				CODE_SIGN_STYLE = Automatic;
				CURRENT_PROJECT_VERSION = 1;
				DEVELOPMENT_TEAM = M9WYKNZLTB;
				ENABLE_USER_SCRIPT_SANDBOXING = NO;
				GENERATE_INFOPLIST_FILE = YES;
				INFOPLIST_FILE = LoginPro/Info.plist;
				INFOPLIST_KEY_UIApplicationSupportsIndirectInputEvents = YES;
				INFOPLIST_KEY_UILaunchStoryboardName = LaunchScreen;
				INFOPLIST_KEY_UIMainStoryboardFile = Main;
				INFOPLIST_KEY_UISupportedInterfaceOrientations_iPad = "UIInterfaceOrientationPortrait UIInterfaceOrientationPortraitUpsideDown UIInterfaceOrientationLandscapeLeft UIInterfaceOrientationLandscapeRight";
				INFOPLIST_KEY_UISupportedInterfaceOrientations_iPhone = "UIInterfaceOrientationPortrait UIInterfaceOrientationLandscapeLeft UIInterfaceOrientationLandscapeRight";
				LD_RUNPATH_SEARCH_PATHS = (
					"$(inherited)",
					"@executable_path/Frameworks",
				);
				MARKETING_VERSION = 1.0;
				PRODUCT_BUNDLE_IDENTIFIER = com.LoginPro;
				PRODUCT_NAME = "$(TARGET_NAME)";
				SWIFT_EMIT_LOC_STRINGS = YES;
				SWIFT_VERSION = 5.0;
				TARGETED_DEVICE_FAMILY = "1,2";
			};
			name = Release;
		};
/* End XCBuildConfiguration section */

/* Begin XCConfigurationList section */
		46BC3F612C4CC73A00A21920 /* Build configuration list for PBXProject "LoginPro" */ = {
			isa = XCConfigurationList;
			buildConfigurations = (
				46BC3F782C4CC73C00A21920 /* Debug */,
				46BC3F792C4CC73C00A21920 /* Release */,
			);
			defaultConfigurationIsVisible = 0;
			defaultConfigurationName = Release;
		};
		46BC3F7A2C4CC73C00A21920 /* Build configuration list for PBXNativeTarget "LoginPro" */ = {
			isa = XCConfigurationList;
			buildConfigurations = (
				46BC3F7B2C4CC73C00A21920 /* Debug */,
				46BC3F7C2C4CC73C00A21920 /* Release */,
			);
			defaultConfigurationIsVisible = 0;
			defaultConfigurationName = Release;
		};
/* End XCConfigurationList section */
	};
	rootObject = 46BC3F5E2C4CC73A00A21920 /* Project object */;
}
